github.com/kumiho-plugin/kumiho-plugin-sdk v0.1.2 h1:rXWYz56u564KK+FewdO+GkSD2B4GHmLANl57eNjyLRo=
github.com/kumiho-plugin/kumiho-plugin-sdk v0.1.2/go.mod h1:tGUgzprVuii3rMBy93UrYjo7mFl56ZV1EIoZQaidyec=
github.com/kumiho-plugin/kumiho-plugin-sdk v0.1.3 h1:uBYOocb0v2W5WFT1ro9j/KcEAnHyeq/hY7aQyY+WPhg=
github.com/kumiho-plugin/kumiho-plugin-sdk v0.1.3/go.mod h1:tGUgzprVuii3rMBy93UrYjo7mFl56ZV1EIoZQaidyec=
